
Microsoft Visual Studio Solution File, Format Version 12.00
# Visual Studio Version 17
VisualStudioVersion = 17.12.35506.116 d17.12
MinimumVisualStudioVersion = 10.0.40219.1
Project("{FAE04EC0-301F-11D3-BF4B-00C04F79EFBC}") = "NerYossefWebsite", "NerYossefWebsite\NerYossefWebsite.csproj", "{436A8174-31F5-4A62-B05E-7C66531BC3B0}"
EndProject
Global
	GlobalSection(SolutionConfigurationPlatforms) = preSolution
		Debug|Any CPU = Debug|Any CPU
		Release|Any CPU = Release|Any CPU
	EndGlobalSection
	GlobalSection(ProjectConfigurationPlatforms) = postSolution
		{436A8174-31F5-4A62-B05E-7C66531BC3B0}.Debug|Any CPU.ActiveCfg = Debug|Any CPU
		{436A8174-31F5-4A62-B05E-7C66531BC3B0}.Debug|Any CPU.Build.0 = Debug|Any CPU
		{436A8174-31F5-4A62-B05E-7C66531BC3B0}.Release|Any CPU.ActiveCfg = Release|Any CPU
		{436A8174-31F5-4A62-B05E-7C66531BC3B0}.Release|Any CPU.Build.0 = Release|Any CPU
	EndGlobalSection
	GlobalSection(SolutionProperties) = preSolution
		HideSolutionNode = FALSE
	EndGlobalSection
EndGlobal
